
Microsoft Visual Studio Solution File, Format Version 12.00
# Visual Studio Version 16
VisualStudioVersion = 16.0.30804.86
MinimumVisualStudioVersion = 10.0.40219.1
Project("{9A19103F-16F7-4668-BE54-9A1E7A4F7556}") = "AidnetAssignment", "AidnetAssignment\AidnetAssignment.csproj", "{6EDE15D4-FF56-4C3F-9539-D45DE471EAD5}"
EndProject
Project("{FAE04EC0-301F-11D3-BF4B-00C04F79EFBC}") = "Application", "Application\Application.csproj", "{BC4FD999-0F81-42F6-B806-A38D1B7D0135}"
EndProject
Project("{FAE04EC0-301F-11D3-BF4B-00C04F79EFBC}") = "Domain", "Domain\Domain.csproj", "{57EB2123-2560-4C5E-9B3B-C58A5B11A5B7}"
EndProject
Project("{FAE04EC0-301F-11D3-BF4B-00C04F79EFBC}") = "Infrastructure", "Infrastructure\Infrastructure.csproj", "{F028382E-C6AB-4350-B022-E556C6A02AD3}"
EndProject
Global
	GlobalSection(SolutionConfigurationPlatforms) = preSolution
		Debug|Any CPU = Debug|Any CPU
		Release|Any CPU = Release|Any CPU
	EndGlobalSection
	GlobalSection(ProjectConfigurationPlatforms) = postSolution
		{6EDE15D4-FF56-4C3F-9539-D45DE471EAD5}.Debug|Any CPU.ActiveCfg = Debug|Any CPU
		{6EDE15D4-FF56-4C3F-9539-D45DE471EAD5}.Debug|Any CPU.Build.0 = Debug|Any CPU
		{6EDE15D4-FF56-4C3F-9539-D45DE471EAD5}.Release|Any CPU.ActiveCfg = Release|Any CPU
		{6EDE15D4-FF56-4C3F-9539-D45DE471EAD5}.Release|Any CPU.Build.0 = Release|Any CPU
		{BC4FD999-0F81-42F6-B806-A38D1B7D0135}.Debug|Any CPU.ActiveCfg = Debug|Any CPU
		{BC4FD999-0F81-42F6-B806-A38D1B7D0135}.Debug|Any CPU.Build.0 = Debug|Any CPU
		{BC4FD999-0F81-42F6-B806-A38D1B7D0135}.Release|Any CPU.ActiveCfg = Release|Any CPU
		{BC4FD999-0F81-42F6-B806-A38D1B7D0135}.Release|Any CPU.Build.0 = Release|Any CPU
		{57EB2123-2560-4C5E-9B3B-C58A5B11A5B7}.Debug|Any CPU.ActiveCfg = Debug|Any CPU
		{57EB2123-2560-4C5E-9B3B-C58A5B11A5B7}.Debug|Any CPU.Build.0 = Debug|Any CPU
		{57EB2123-2560-4C5E-9B3B-C58A5B11A5B7}.Release|Any CPU.ActiveCfg = Release|Any CPU
		{57EB2123-2560-4C5E-9B3B-C58A5B11A5B7}.Release|Any CPU.Build.0 = Release|Any CPU
		{F028382E-C6AB-4350-B022-E556C6A02AD3}.Debug|Any CPU.ActiveCfg = Debug|Any CPU
		{F028382E-C6AB-4350-B022-E556C6A02AD3}.Debug|Any CPU.Build.0 = Debug|Any CPU
		{F028382E-C6AB-4350-B022-E556C6A02AD3}.Release|Any CPU.ActiveCfg = Release|Any CPU
		{F028382E-C6AB-4350-B022-E556C6A02AD3}.Release|Any CPU.Build.0 = Release|Any CPU
	EndGlobalSection
	GlobalSection(SolutionProperties) = preSolution
		HideSolutionNode = FALSE
	EndGlobalSection
	GlobalSection(ExtensibilityGlobals) = postSolution
		SolutionGuid = {C1823CE7-8D21-4A0E-BDFC-C9C1A5F4EAF9}
	EndGlobalSection
EndGlobal
